
Microsoft Visual Studio Solution File, Format Version 12.00
# Visual Studio 2012
Project("{FAE04EC0-301F-11D3-BF4B-00C04F79EFBC}") = "Introduction.Loop.Step1", "Introduction.Loop.Step1\Introduction.Loop.Step1.csproj", "{7CBA4924-D881-42C6-B09F-A28E542E004C}"
EndProject
Project("{FAE04EC0-301F-11D3-BF4B-00C04F79EFBC}") = "Introduction.Loop.Step2", "Introduction.Loop.Step2\Introduction.Loop.Step2.csproj", "{8A32388F-4D00-458A-B2D4-3C960D628F48}"
EndProject
Project("{FAE04EC0-301F-11D3-BF4B-00C04F79EFBC}") = "Introduction.Loop.Step3", "Introduction.Loop.Step3\Introduction.Loop.Step3.csproj", "{85090BD4-54C8-4634-A230-6A2302515C45}"
EndProject
Project("{FAE04EC0-301F-11D3-BF4B-00C04F79EFBC}") = "Introduction.Loop.Step4", "Introduction.Loop.Step4\Introduction.Loop.Step4.csproj", "{C89DD8E4-6B5D-46F4-A1B3-425E40725675}"
EndProject
Project("{FAE04EC0-301F-11D3-BF4B-00C04F79EFBC}") = "Introduction.Loop.Step5", "Introduction.Loop.Step5\Introduction.Loop.Step5.csproj", "{51DE2110-C9E5-4634-9623-3C7CF0D19969}"
EndProject
Project("{FAE04EC0-301F-11D3-BF4B-00C04F79EFBC}") = "Introduction.Loop.Step6", "Introduction.Loop.Step6\Introduction.Loop.Step6.csproj", "{DBB70EF1-4AD5-493C-AE62-9CC785ACE19F}"
EndProject
Project("{FAE04EC0-301F-11D3-BF4B-00C04F79EFBC}") = "Introduction.If.Step1", "Introduction.If.Step1\Introduction.If.Step1.csproj", "{30A30027-BFA7-4CA6-91C0-0715F4B76B12}"
EndProject
Project("{FAE04EC0-301F-11D3-BF4B-00C04F79EFBC}") = "Introduction.SimpleMath", "Introduction.SimpleMath\Introduction.SimpleMath.csproj", "{70C12819-7FEB-4DE4-BEA8-5C1D55A0D6F4}"
EndProject
Project("{FAE04EC0-301F-11D3-BF4B-00C04F79EFBC}") = "Introduction.Individual.Step1", "Introduction.Individual.Step1\Introduction.Individual.Step1.csproj", "{6E54EF0E-8A1C-42D5-9F44-F0BED4389F4B}"
EndProject
Project("{FAE04EC0-301F-11D3-BF4B-00C04F79EFBC}") = "Introduction.MoreMath", "Introduction.MoreMath\Introduction.MoreMath.csproj", "{1A07D92A-6F58-48B0-B1BE-756D116F267B}"
EndProject
Project("{FAE04EC0-301F-11D3-BF4B-00C04F79EFBC}") = "Introduction.Individual.Step3", "Introduction.Individual.Step3\Introduction.Individual.Step3.csproj", "{97878A1B-42E9-4A42-BBF9-29D2782BCD81}"
EndProject
Project("{FAE04EC0-301F-11D3-BF4B-00C04F79EFBC}") = "Introduction.Methods.Step1", "Introduction.Methods.Step1\Introduction.Methods.Step1.csproj", "{98566278-D2FE-4C1E-A9A9-4A29B56F04DE}"
EndProject
Project("{FAE04EC0-301F-11D3-BF4B-00C04F79EFBC}") = "Introduction.If.Step2", "Introduction.If.Step2\Introduction.If.Step2.csproj", "{5D3C7002-91F3-431A-828F-8E6040639FE9}"
EndProject
Project("{FAE04EC0-301F-11D3-BF4B-00C04F79EFBC}") = "Introduction.If.Step3", "Introduction.If.Step3\Introduction.If.Step3.csproj", "{417F4ED7-7C06-40C7-B121-082D0E170523}"
EndProject
Project("{FAE04EC0-301F-11D3-BF4B-00C04F79EFBC}") = "Introduction.Methods.Step2", "Introduction.Methods.Step2\Introduction.Methods.Step2.csproj", "{497CF83E-DF77-47DA-BB08-C74DAE7E1232}"
EndProject
Project("{FAE04EC0-301F-11D3-BF4B-00C04F79EFBC}") = "Introduction.Methods.Step3", "Introduction.Methods.Step3\Introduction.Methods.Step3.csproj", "{EFFEB281-DD99-4A3A-BD9B-25FAAB3DA875}"
EndProject
Project("{FAE04EC0-301F-11D3-BF4B-00C04F79EFBC}") = "Introduction.CharsAndStrings.Step1", "Introduction.CharsAndStrings.Step1\Introduction.CharsAndStrings.Step1.csproj", "{CE917D15-07BF-40B6-8BB7-95FF8A9F6B84}"
EndProject
Project("{FAE04EC0-301F-11D3-BF4B-00C04F79EFBC}") = "Introduction.CharsAndStrings.Step2", "Introduction.CharsAndStrings.Step2\Introduction.CharsAndStrings.Step2.csproj", "{A39BD8C1-A227-40AB-B480-2E32E7106E04}"
EndProject
Project("{FAE04EC0-301F-11D3-BF4B-00C04F79EFBC}") = "Introduction.CharsAndStrings.Step3", "Introduction.CharsAndStrings.Step3\Introduction.CharsAndStrings.Step3.csproj", "{A711F703-4A14-4626-8FDF-C929E56E9A8F}"
EndProject
Project("{FAE04EC0-301F-11D3-BF4B-00C04F79EFBC}") = "Introduction.CharsAndStrings.Step4", "Introduction.CharsAndStrings.Step4\Introduction.CharsAndStrings.Step4.csproj", "{F3EB1B83-7E97-4EF3-9D36-1DAE8411A691}"
EndProject
Project("{FAE04EC0-301F-11D3-BF4B-00C04F79EFBC}") = "Introduction.CharsAndStrings.Step5", "Introduction.CharsAndStrings.Step5\Introduction.CharsAndStrings.Step5.csproj", "{CD0DC7B2-DA5A-4042-9C35-E5BDC1916E62}"
EndProject
Project("{FAE04EC0-301F-11D3-BF4B-00C04F79EFBC}") = "Introduction.CharsAndStrings.Step6", "Introduction.CharsAndStrings.Step6\Introduction.CharsAndStrings.Step6.csproj", "{1B6D767A-B559-483A-B5A4-70A4C07DB550}"
EndProject
Project("{FAE04EC0-301F-11D3-BF4B-00C04F79EFBC}") = "Introduction.Individual.Step2", "Introduction.Individual.Step2\Introduction.Individual.Step2.csproj", "{2F3B8DC0-91ED-470F-AA3B-D860DC8A59D0}"
EndProject
Project("{FAE04EC0-301F-11D3-BF4B-00C04F79EFBC}") = "Introduction.Individual.Step4", "Introduction.Individual.Step4\Introduction.Individual.Step4.csproj", "{CCD5D663-69FA-4148-B18F-8BF125A269E1}"
EndProject
Global
	GlobalSection(SolutionConfigurationPlatforms) = preSolution
		Debug|Any CPU = Debug|Any CPU
		Release|Any CPU = Release|Any CPU
	EndGlobalSection
	GlobalSection(ProjectConfigurationPlatforms) = postSolution
		{7CBA4924-D881-42C6-B09F-A28E542E004C}.Debug|Any CPU.ActiveCfg = Debug|Any CPU
		{7CBA4924-D881-42C6-B09F-A28E542E004C}.Debug|Any CPU.Build.0 = Debug|Any CPU
		{7CBA4924-D881-42C6-B09F-A28E542E004C}.Release|Any CPU.ActiveCfg = Release|Any CPU
		{7CBA4924-D881-42C6-B09F-A28E542E004C}.Release|Any CPU.Build.0 = Release|Any CPU
		{8A32388F-4D00-458A-B2D4-3C960D628F48}.Debug|Any CPU.ActiveCfg = Debug|Any CPU
		{8A32388F-4D00-458A-B2D4-3C960D628F48}.Debug|Any CPU.Build.0 = Debug|Any CPU
		{8A32388F-4D00-458A-B2D4-3C960D628F48}.Release|Any CPU.ActiveCfg = Release|Any CPU
		{8A32388F-4D00-458A-B2D4-3C960D628F48}.Release|Any CPU.Build.0 = Release|Any CPU
		{85090BD4-54C8-4634-A230-6A2302515C45}.Debug|Any CPU.ActiveCfg = Debug|Any CPU
		{85090BD4-54C8-4634-A230-6A2302515C45}.Debug|Any CPU.Build.0 = Debug|Any CPU
		{85090BD4-54C8-4634-A230-6A2302515C45}.Release|Any CPU.ActiveCfg = Release|Any CPU
		{85090BD4-54C8-4634-A230-6A2302515C45}.Release|Any CPU.Build.0 = Release|Any CPU
		{C89DD8E4-6B5D-46F4-A1B3-425E40725675}.Debug|Any CPU.ActiveCfg = Debug|Any CPU
		{C89DD8E4-6B5D-46F4-A1B3-425E40725675}.Debug|Any CPU.Build.0 = Debug|Any CPU
		{C89DD8E4-6B5D-46F4-A1B3-425E40725675}.Release|Any CPU.ActiveCfg = Release|Any CPU
		{C89DD8E4-6B5D-46F4-A1B3-425E40725675}.Release|Any CPU.Build.0 = Release|Any CPU
		{51DE2110-C9E5-4634-9623-3C7CF0D19969}.Debug|Any CPU.ActiveCfg = Debug|Any CPU
		{51DE2110-C9E5-4634-9623-3C7CF0D19969}.Debug|Any CPU.Build.0 = Debug|Any CPU
		{51DE2110-C9E5-4634-9623-3C7CF0D19969}.Release|Any CPU.ActiveCfg = Release|Any CPU
		{51DE2110-C9E5-4634-9623-3C7CF0D19969}.Release|Any CPU.Build.0 = Release|Any CPU
		{DBB70EF1-4AD5-493C-AE62-9CC785ACE19F}.Debug|Any CPU.ActiveCfg = Debug|Any CPU
		{DBB70EF1-4AD5-493C-AE62-9CC785ACE19F}.Debug|Any CPU.Build.0 = Debug|Any CPU
		{DBB70EF1-4AD5-493C-AE62-9CC785ACE19F}.Release|Any CPU.ActiveCfg = Release|Any CPU
		{DBB70EF1-4AD5-493C-AE62-9CC785ACE19F}.Release|Any CPU.Build.0 = Release|Any CPU
		{30A30027-BFA7-4CA6-91C0-0715F4B76B12}.Debug|Any CPU.ActiveCfg = Debug|Any CPU
		{30A30027-BFA7-4CA6-91C0-0715F4B76B12}.Debug|Any CPU.Build.0 = Debug|Any CPU
		{30A30027-BFA7-4CA6-91C0-0715F4B76B12}.Release|Any CPU.ActiveCfg = Release|Any CPU
		{30A30027-BFA7-4CA6-91C0-0715F4B76B12}.Release|Any CPU.Build.0 = Release|Any CPU
		{70C12819-7FEB-4DE4-BEA8-5C1D55A0D6F4}.Debug|Any CPU.ActiveCfg = Debug|Any CPU
		{70C12819-7FEB-4DE4-BEA8-5C1D55A0D6F4}.Debug|Any CPU.Build.0 = Debug|Any CPU
		{70C12819-7FEB-4DE4-BEA8-5C1D55A0D6F4}.Release|Any CPU.ActiveCfg = Release|Any CPU
		{70C12819-7FEB-4DE4-BEA8-5C1D55A0D6F4}.Release|Any CPU.Build.0 = Release|Any CPU
		{6E54EF0E-8A1C-42D5-9F44-F0BED4389F4B}.Debug|Any CPU.ActiveCfg = Debug|Any CPU
		{6E54EF0E-8A1C-42D5-9F44-F0BED4389F4B}.Debug|Any CPU.Build.0 = Debug|Any CPU
		{6E54EF0E-8A1C-42D5-9F44-F0BED4389F4B}.Release|Any CPU.ActiveCfg = Release|Any CPU
		{6E54EF0E-8A1C-42D5-9F44-F0BED4389F4B}.Release|Any CPU.Build.0 = Release|Any CPU
		{1A07D92A-6F58-48B0-B1BE-756D116F267B}.Debug|Any CPU.ActiveCfg = Debug|Any CPU
		{1A07D92A-6F58-48B0-B1BE-756D116F267B}.Debug|Any CPU.Build.0 = Debug|Any CPU
		{1A07D92A-6F58-48B0-B1BE-756D116F267B}.Release|Any CPU.ActiveCfg = Release|Any CPU
		{1A07D92A-6F58-48B0-B1BE-756D116F267B}.Release|Any CPU.Build.0 = Release|Any CPU
		{97878A1B-42E9-4A42-BBF9-29D2782BCD81}.Debug|Any CPU.ActiveCfg = Debug|Any CPU
		{97878A1B-42E9-4A42-BBF9-29D2782BCD81}.Debug|Any CPU.Build.0 = Debug|Any CPU
		{97878A1B-42E9-4A42-BBF9-29D2782BCD81}.Release|Any CPU.ActiveCfg = Release|Any CPU
		{97878A1B-42E9-4A42-BBF9-29D2782BCD81}.Release|Any CPU.Build.0 = Release|Any CPU
		{98566278-D2FE-4C1E-A9A9-4A29B56F04DE}.Debug|Any CPU.ActiveCfg = Debug|Any CPU
		{98566278-D2FE-4C1E-A9A9-4A29B56F04DE}.Debug|Any CPU.Build.0 = Debug|Any CPU
		{98566278-D2FE-4C1E-A9A9-4A29B56F04DE}.Release|Any CPU.ActiveCfg = Release|Any CPU
		{98566278-D2FE-4C1E-A9A9-4A29B56F04DE}.Release|Any CPU.Build.0 = Release|Any CPU
		{5D3C7002-91F3-431A-828F-8E6040639FE9}.Debug|Any CPU.ActiveCfg = Debug|Any CPU
		{5D3C7002-91F3-431A-828F-8E6040639FE9}.Debug|Any CPU.Build.0 = Debug|Any CPU
		{5D3C7002-91F3-431A-828F-8E6040639FE9}.Release|Any CPU.ActiveCfg = Release|Any CPU
		{5D3C7002-91F3-431A-828F-8E6040639FE9}.Release|Any CPU.Build.0 = Release|Any CPU
		{417F4ED7-7C06-40C7-B121-082D0E170523}.Debug|Any CPU.ActiveCfg = Debug|Any CPU
		{417F4ED7-7C06-40C7-B121-082D0E170523}.Debug|Any CPU.Build.0 = Debug|Any CPU
		{417F4ED7-7C06-40C7-B121-082D0E170523}.Release|Any CPU.ActiveCfg = Release|Any CPU
		{417F4ED7-7C06-40C7-B121-082D0E170523}.Release|Any CPU.Build.0 = Release|Any CPU
		{497CF83E-DF77-47DA-BB08-C74DAE7E1232}.Debug|Any CPU.ActiveCfg = Debug|Any CPU
		{497CF83E-DF77-47DA-BB08-C74DAE7E1232}.Debug|Any CPU.Build.0 = Debug|Any CPU
		{497CF83E-DF77-47DA-BB08-C74DAE7E1232}.Release|Any CPU.ActiveCfg = Release|Any CPU
		{497CF83E-DF77-47DA-BB08-C74DAE7E1232}.Release|Any CPU.Build.0 = Release|Any CPU
		{EFFEB281-DD99-4A3A-BD9B-25FAAB3DA875}.Debug|Any CPU.ActiveCfg = Debug|Any CPU
		{EFFEB281-DD99-4A3A-BD9B-25FAAB3DA875}.Debug|Any CPU.Build.0 = Debug|Any CPU
		{EFFEB281-DD99-4A3A-BD9B-25FAAB3DA875}.Release|Any CPU.ActiveCfg = Release|Any CPU
		{EFFEB281-DD99-4A3A-BD9B-25FAAB3DA875}.Release|Any CPU.Build.0 = Release|Any CPU
		{CE917D15-07BF-40B6-8BB7-95FF8A9F6B84}.Debug|Any CPU.ActiveCfg = Debug|Any CPU
		{CE917D15-07BF-40B6-8BB7-95FF8A9F6B84}.Debug|Any CPU.Build.0 = Debug|Any CPU
		{CE917D15-07BF-40B6-8BB7-95FF8A9F6B84}.Release|Any CPU.ActiveCfg = Release|Any CPU
		{CE917D15-07BF-40B6-8BB7-95FF8A9F6B84}.Release|Any CPU.Build.0 = Release|Any CPU
		{A39BD8C1-A227-40AB-B480-2E32E7106E04}.Debug|Any CPU.ActiveCfg = Debug|Any CPU
		{A39BD8C1-A227-40AB-B480-2E32E7106E04}.Debug|Any CPU.Build.0 = Debug|Any CPU
		{A39BD8C1-A227-40AB-B480-2E32E7106E04}.Release|Any CPU.ActiveCfg = Release|Any CPU
		{A39BD8C1-A227-40AB-B480-2E32E7106E04}.Release|Any CPU.Build.0 = Release|Any CPU
		{A711F703-4A14-4626-8FDF-C929E56E9A8F}.Debug|Any CPU.ActiveCfg = Debug|Any CPU
		{A711F703-4A14-4626-8FDF-C929E56E9A8F}.Debug|Any CPU.Build.0 = Debug|Any CPU
		{A711F703-4A14-4626-8FDF-C929E56E9A8F}.Release|Any CPU.ActiveCfg = Release|Any CPU
		{A711F703-4A14-4626-8FDF-C929E56E9A8F}.Release|Any CPU.Build.0 = Release|Any CPU
		{F3EB1B83-7E97-4EF3-9D36-1DAE8411A691}.Debug|Any CPU.ActiveCfg = Debug|Any CPU
		{F3EB1B83-7E97-4EF3-9D36-1DAE8411A691}.Debug|Any CPU.Build.0 = Debug|Any CPU
		{F3EB1B83-7E97-4EF3-9D36-1DAE8411A691}.Release|Any CPU.ActiveCfg = Release|Any CPU
		{F3EB1B83-7E97-4EF3-9D36-1DAE8411A691}.Release|Any CPU.Build.0 = Release|Any CPU
		{CD0DC7B2-DA5A-4042-9C35-E5BDC1916E62}.Debug|Any CPU.ActiveCfg = Debug|Any CPU
		{CD0DC7B2-DA5A-4042-9C35-E5BDC1916E62}.Debug|Any CPU.Build.0 = Debug|Any CPU
		{CD0DC7B2-DA5A-4042-9C35-E5BDC1916E62}.Release|Any CPU.ActiveCfg = Release|Any CPU
		{CD0DC7B2-DA5A-4042-9C35-E5BDC1916E62}.Release|Any CPU.Build.0 = Release|Any CPU
		{1B6D767A-B559-483A-B5A4-70A4C07DB550}.Debug|Any CPU.ActiveCfg = Debug|Any CPU
		{1B6D767A-B559-483A-B5A4-70A4C07DB550}.Debug|Any CPU.Build.0 = Debug|Any CPU
		{1B6D767A-B559-483A-B5A4-70A4C07DB550}.Release|Any CPU.ActiveCfg = Release|Any CPU
		{1B6D767A-B559-483A-B5A4-70A4C07DB550}.Release|Any CPU.Build.0 = Release|Any CPU
		{2F3B8DC0-91ED-470F-AA3B-D860DC8A59D0}.Debug|Any CPU.ActiveCfg = Debug|Any CPU
		{2F3B8DC0-91ED-470F-AA3B-D860DC8A59D0}.Debug|Any CPU.Build.0 = Debug|Any CPU
		{2F3B8DC0-91ED-470F-AA3B-D860DC8A59D0}.Release|Any CPU.ActiveCfg = Release|Any CPU
		{2F3B8DC0-91ED-470F-AA3B-D860DC8A59D0}.Release|Any CPU.Build.0 = Release|Any CPU
		{CCD5D663-69FA-4148-B18F-8BF125A269E1}.Debug|Any CPU.ActiveCfg = Debug|Any CPU
		{CCD5D663-69FA-4148-B18F-8BF125A269E1}.Debug|Any CPU.Build.0 = Debug|Any CPU
		{CCD5D663-69FA-4148-B18F-8BF125A269E1}.Release|Any CPU.ActiveCfg = Release|Any CPU
		{CCD5D663-69FA-4148-B18F-8BF125A269E1}.Release|Any CPU.Build.0 = Release|Any CPU
	EndGlobalSection
	GlobalSection(SolutionProperties) = preSolution
		HideSolutionNode = FALSE
	EndGlobalSection
EndGlobal
